{
  "name": "Reh",
  "lockfileVersion": 2,
  "requires": true,
  "packages": {
    "": {
      "dependencies": {
        "@fortawesome/fontawesome-free": "^6.0.0-beta3",
        "fullcalendar": "^5.10.1"
      }
    },
    "node_modules/@fortawesome/fontawesome-free": {
      "version": "6.0.0-beta3",
      "resolved": "https://registry.npmjs.org/@fortawesome/fontawesome-free/-/fontawesome-free-6.0.0-beta3.tgz",
      "integrity": "sha512-4SqOuhC8tSLeQvbW1nDmq6T7+8vdSgHy/w7PRwCFzMQCbKuYFIir/3UuWsV1QblX1lt7SGlSgwbaCv9XhRt8HA==",
      "hasInstallScript": true,
      "engines": {
        "node": ">=6"
      }
    },
    "node_modules/fullcalendar": {
      "version": "5.10.1",
      "resolved": "https://registry.npmjs.org/fullcalendar/-/fullcalendar-5.10.1.tgz",
      "integrity": "sha512-0jgDxiWRuC36MzAUK3+Equmu4R0+vAPEtttsXLX9GNNDUHEZ5HjcH+dUtWut4vlJtxGJgVZ+eZ76/7qhcu+RMA=="
    }
  },
  "dependencies": {
    "@fortawesome/fontawesome-free": {
      "version": "6.0.0-beta3",
      "resolved": "https://registry.npmjs.org/@fortawesome/fontawesome-free/-/fontawesome-free-6.0.0-beta3.tgz",
      "integrity": "sha512-4SqOuhC8tSLeQvbW1nDmq6T7+8vdSgHy/w7PRwCFzMQCbKuYFIir/3UuWsV1QblX1lt7SGlSgwbaCv9XhRt8HA=="
    },
    "fullcalendar": {
      "version": "5.10.1",
      "resolved": "https://registry.npmjs.org/fullcalendar/-/fullcalendar-5.10.1.tgz",
      "integrity": "sha512-0jgDxiWRuC36MzAUK3+Equmu4R0+vAPEtttsXLX9GNNDUHEZ5HjcH+dUtWut4vlJtxGJgVZ+eZ76/7qhcu+RMA=="
    }
  }
}
